
Microsoft Visual Studio Solution File, Format Version 12.00
# Visual Studio Version 17
VisualStudioVersion = 17.4.33205.214
MinimumVisualStudioVersion = 10.0.40219.1
Project("{FAE04EC0-301F-11D3-BF4B-00C04F79EFBC}") = "flashtest", "flashtest\flashtest.csproj", "{65A226CF-9FD0-4DC1-99DE-0EC5FA655F8D}"
EndProject
Global
	GlobalSection(SolutionConfigurationPlatforms) = preSolution
		Debug|Any CPU = Debug|Any CPU
		Release|Any CPU = Release|Any CPU
	EndGlobalSection
	GlobalSection(ProjectConfigurationPlatforms) = postSolution
		{65A226CF-9FD0-4DC1-99DE-0EC5FA655F8D}.Debug|Any CPU.ActiveCfg = Debug|Any CPU
		{65A226CF-9FD0-4DC1-99DE-0EC5FA655F8D}.Debug|Any CPU.Build.0 = Debug|Any CPU
		{65A226CF-9FD0-4DC1-99DE-0EC5FA655F8D}.Release|Any CPU.ActiveCfg = Release|Any CPU
		{65A226CF-9FD0-4DC1-99DE-0EC5FA655F8D}.Release|Any CPU.Build.0 = Release|Any CPU
	EndGlobalSection
	GlobalSection(SolutionProperties) = preSolution
		HideSolutionNode = FALSE
	EndGlobalSection
	GlobalSection(ExtensibilityGlobals) = postSolution
		SolutionGuid = {1FE62E10-362D-4456-965E-6B80F1DBA566}
	EndGlobalSection
EndGlobal
